PODS:
  - AWSAppSync (2.14.1):
    - AWSCore (~> 2.10.2)
    - ReachabilitySwift (= 4.3.0)
    - SQLite.swift (= 0.11.6)
  - AWSAuthCore (2.10.2):
    - AWSCore (= 2.10.2)
  - AWSCognitoIdentityProvider (2.10.2):
    - AWSCognitoIdentityProviderASF (= 1.0.1)
    - AWSCore (= 2.10.2)
  - AWSCognitoIdentityProviderASF (1.0.1)
  - AWSCore (2.10.2)
  - AWSMobileClient (2.10.2):
    - AWSAuthCore (= 2.10.2)
    - AWSCognitoIdentityProvider (= 2.10.2)
  - AWSSNS (2.10.2):
    - AWSCore (= 2.10.2)
  - Down (0.8.6)
  - Promises (2.0.4)
  - ReachabilitySwift (4.3.0)
  - SQLite.swift (0.11.6):
    - SQLite.swift/standard (= 0.11.6)
  - SQLite.swift/standard (0.11.6)
  - SwiftyBeaver (1.7.1)

DEPENDENCIES:
  - AWSAppSync
  - AWSCore
  - AWSMobileClient
  - AWSSNS
  - Down
  - Promises
  - SwiftyBeaver

SPEC REPOS:
  https://github.com/cocoapods/specs.git:
    - AWSAppSync
    - AWSAuthCore
    - AWSCognitoIdentityProvider
    - AWSCognitoIdentityProviderASF
    - AWSCore
    - AWSMobileClient
    - AWSSNS
    - Down
    - Promises
    - ReachabilitySwift
    - SQLite.swift
    - SwiftyBeaver

SPEC CHECKSUMS:
  AWSAppSync: 927eeb13bf6dc3559029f2e05c942da4573e65fc
  AWSAuthCore: 7cfb4ff7af9733834408c2e8fb1168db5baa4129
  AWSCognitoIdentityProvider: a817152e73569b3a5a1d06253ea2b9d9e4d68734
  AWSCognitoIdentityProviderASF: f94f1a502e72ef3d0a1de93e10bf7a79c8698118
  AWSCore: 2e91f89187d1238be35ce8c57aac98c42def640f
  AWSMobileClient: 659f78d2a653fb423977b373f1b1f002eac65594
  AWSSNS: 3a84f73c5df73ea3a0d1beae5326ac4265e38a97
  Down: 3c758f2388fa739663023f400e742a988fa1e21d
  Promises: fcb83dc6be43294a8d30c343636ed1a45a8d2e0a
  ReachabilitySwift: 408477d1b6ed9779dba301953171e017c31241f3
  SQLite.swift: 46d890be8601964454bd3392527f863d1b802d45
  SwiftyBeaver: da5e573ad583586c18236324c36900990afe1733

PODFILE CHECKSUM: 8c588a5b329cbcfd8d663deab9cfc09871ee3d3a

COCOAPODS: 1.7.5
