PODS:
  - AWSAppSync (2.10.3):
    - AWSCore (~> 2.9.0)
    - ReachabilitySwift (~> 4.3.0)
    - SQLite.swift (= 0.11.5)
  - AWSAuthCore (2.9.8):
    - AWSCore (= 2.9.8)
  - AWSCognitoIdentityProvider (2.9.8):
    - AWSCognitoIdentityProviderASF (= 1.0.1)
    - AWSCore (= 2.9.8)
  - AWSCognitoIdentityProviderASF (1.0.1)
  - AWSCore (2.9.8)
  - AWSMobileClient (2.9.8):
    - AWSAuthCore (= 2.9.8)
    - AWSCognitoIdentityProvider (= 2.9.8)
  - AWSSNS (2.9.8):
    - AWSCore (= 2.9.8)
  - Down (0.8.2)
  - Promises (2.0.2)
  - ReachabilitySwift (4.3.1)
  - SQLite.swift (0.11.5):
    - SQLite.swift/standard (= 0.11.5)
  - SQLite.swift/standard (0.11.5)
  - SwiftyBeaver (1.7.0)

DEPENDENCIES:
  - AWSAppSync
  - AWSCore
  - AWSMobileClient
  - AWSSNS
  - Down
  - Promises
  - SwiftyBeaver

SPEC REPOS:
  https://github.com/cocoapods/specs.git:
    - AWSAppSync
    - AWSAuthCore
    - AWSCognitoIdentityProvider
    - AWSCognitoIdentityProviderASF
    - AWSCore
    - AWSMobileClient
    - AWSSNS
    - Down
    - Promises
    - ReachabilitySwift
    - SQLite.swift
    - SwiftyBeaver

SPEC CHECKSUMS:
  AWSAppSync: cc5e6716f712cf9a9bdc176e471027516ac5087d
  AWSAuthCore: 7ebbe523f28149a1706e7ec1736203cdaaeba380
  AWSCognitoIdentityProvider: 738b488930eca71cbaa91ac53764b146e90a6650
  AWSCognitoIdentityProviderASF: f94f1a502e72ef3d0a1de93e10bf7a79c8698118
  AWSCore: 5da86c5afde44a87b06a2df50601bca81a8cee13
  AWSMobileClient: d3b6cbe30dcdb45866c85b0d088106504f72d4a3
  AWSSNS: 19a224e89c5c74a45f7bfeeb6bec5578bb8d2d5f
  Down: 8babe0cafe145de188d2efa76ea938a11a5fdc6f
  Promises: 8edf94cd267665830ba57f7b48be2e6822f1622d
  ReachabilitySwift: 4032e2f59586e11e3b0ebe15b167abdd587a388b
  SQLite.swift: 6e5356850bb1791459f8c16d6ee9195b28714a2e
  SwiftyBeaver: 4cc0080d2e23f980652e28978db11a5c9da39165

PODFILE CHECKSUM: a463583b305d0c7527c6dcda62f9974e7b925328

COCOAPODS: 1.5.3
