PODS:
  - AppSyncRealTimeClient (1.5.0):
    - Starscream (~> 3.1.1)
  - AWSAppSync (3.2.1):
    - AppSyncRealTimeClient (~> 1.4)
    - AWSCore (~> 2.24.0)
    - ReachabilitySwift (= 5.0.0)
    - SQLite.swift (~> 0.12.2)
  - AWSAuthCore (2.24.2):
    - AWSCore (= 2.24.2)
  - AWSCognitoIdentityProvider (2.24.2):
    - AWSCognitoIdentityProviderASF (= 2.24.2)
    - AWSCore (= 2.24.2)
  - AWSCognitoIdentityProviderASF (2.24.2)
  - AWSCore (2.24.2)
  - AWSMobileClient (2.24.2):
    - AWSAuthCore (= 2.24.2)
    - AWSCognitoIdentityProvider (= 2.24.2)
    - AWSCognitoIdentityProviderASF (= 2.24.2)
    - AWSCore (= 2.24.2)
  - AWSSNS (2.24.2):
    - AWSCore (= 2.24.2)
  - Down (0.9.4)
  - Promises (2.0.4)
  - ReachabilitySwift (5.0.0)
  - SnapshotTesting (1.9.0)
  - SQLite.swift (0.12.2):
    - SQLite.swift/standard (= 0.12.2)
  - SQLite.swift/standard (0.12.2)
  - Starscream (3.1.1)
  - Swifter (1.5.0)
  - SwiftyBeaver (1.9.5)

DEPENDENCIES:
  - AWSAppSync
  - AWSCore
  - AWSMobileClient
  - AWSSNS
  - Down
  - Promises
  - SnapshotTesting (~> 1.9)
  - Swifter (~> 1.5.0)
  - SwiftyBeaver

SPEC REPOS:
  trunk:
    - AppSyncRealTimeClient
    - AWSAppSync
    - AWSAuthCore
    - AWSCognitoIdentityProvider
    - AWSCognitoIdentityProviderASF
    - AWSCore
    - AWSMobileClient
    - AWSSNS
    - Down
    - Promises
    - ReachabilitySwift
    - SnapshotTesting
    - SQLite.swift
    - Starscream
    - Swifter
    - SwiftyBeaver

SPEC CHECKSUMS:
  AppSyncRealTimeClient: 2b4482b1770a3e5cf64f9714a6d198550017b5a2
  AWSAppSync: 4d8c599e29c7a07b0ebd8f4b8fb51a27b88d6ee5
  AWSAuthCore: d2cb921db598ea03d67284977a3c691e9a1aee83
  AWSCognitoIdentityProvider: f9d68c563718fa5aa76e077752df06c73810efba
  AWSCognitoIdentityProviderASF: 21681469334e286df6e5470f3cbab3b10edbf818
  AWSCore: 08a61ac2b1d98b2d43f59ee40c4bd68e58dfdea3
  AWSMobileClient: 6af7fff9e58f8d427acf3381cbbae2f0c34d52ab
  AWSSNS: 53de40b86651e5f1b7764a2bdf355506f1507650
  Down: 276f2c3eeeaf30345873bdad25f44b2640fcfa3a
  Promises: fcb83dc6be43294a8d30c343636ed1a45a8d2e0a
  ReachabilitySwift: 985039c6f7b23a1da463388634119492ff86c825
  SnapshotTesting: 6141c48b6aa76ead61431ca665c14ab9a066c53b
  SQLite.swift: d2b4642190917051ce6bd1d49aab565fe794eea3
  Starscream: 4bb2f9942274833f7b4d296a55504dcfc7edb7b0
  Swifter: e71dd674404923d7f03ebb03f3f222d1c570bc8e
  SwiftyBeaver: 84069991dd5dca07d7069100985badaca7f0ce82

PODFILE CHECKSUM: 6619e478bb7715355022b8179db7b4cb666396b2

COCOAPODS: 1.10.1
